
Microsoft Visual Studio Solution File, Format Version 12.00
# Visual Studio Version 16
VisualStudioVersion = 16.0.33927.289
MinimumVisualStudioVersion = 10.0.40219.1
Project("{2150E333-8FDC-42A3-9474-1A3956D46DE8}") = "Task0", "Task0", "{9B4DB2C7-4AD6-4506-A618-BB2A8565C463}"
EndProject
Project("{FAE04EC0-301F-11D3-BF4B-00C04F79EFBC}") = "Tyuiu.KorneevaEA.Sprint4.Task0.V9", "Tyuiu.KorneevaEA.Sprint4.Task0.V9\Tyuiu.KorneevaEA.Sprint4.Task0.V9.csproj", "{D5F0CFBC-3FC4-40E3-A879-282D89C9F326}"
EndProject
Project("{FAE04EC0-301F-11D3-BF4B-00C04F79EFBC}") = "Tyuiu.KorneevaEA.Sprint4.Task0.V9.Lib", "Tyuiu.KorneevaEA.Sprint4.Task0.V9.Lib\Tyuiu.KorneevaEA.Sprint4.Task0.V9.Lib.csproj", "{4A1D0015-2A60-4B03-B630-9A4BFCE1B7AC}"
EndProject
Project("{FAE04EC0-301F-11D3-BF4B-00C04F79EFBC}") = "Tyuiu.KorneevaEA.Sprint4.Task0.V9.Test", "Tyuiu.KorneevaEA.Sprint4.Task0.V9.Test\Tyuiu.KorneevaEA.Sprint4.Task0.V9.Test.csproj", "{AC51571B-CF77-4D9E-B76A-AA5EC44FE3AC}"
EndProject
Project("{2150E333-8FDC-42A3-9474-1A3956D46DE8}") = "Task1", "Task1", "{81FAAB68-8A84-4CEA-A50B-2EC3F2D80423}"
EndProject
Project("{FAE04EC0-301F-11D3-BF4B-00C04F79EFBC}") = "Tyuiu.KorneevaEA.Sprint4.Task1.V5", "Tyuiu.KorneevaEA.Sprint4.Task1.V5\Tyuiu.KorneevaEA.Sprint4.Task1.V5.csproj", "{3AC37025-09FD-45EE-A5DD-605B5E0D4CE9}"
EndProject
Project("{FAE04EC0-301F-11D3-BF4B-00C04F79EFBC}") = "Tyuiu.KorneevaEA.Sprint4.Task1.V5.Test", "Tyuiu.KorneevaEA.Sprint4.Task1.V5.Test\Tyuiu.KorneevaEA.Sprint4.Task1.V5.Test.csproj", "{A9297A94-EE10-4B2D-ACD9-C5B8717B8AB5}"
EndProject
Project("{FAE04EC0-301F-11D3-BF4B-00C04F79EFBC}") = "Tyuiu.KorneevaEA.Sprint4.Task1.V5.Lib", "Tyuiu.KorneevaEA.Sprint4.Task1.V5.Lib\Tyuiu.KorneevaEA.Sprint4.Task1.V5.Lib.csproj", "{1AB04DE8-B8AA-4C75-9EEB-0E0B152B8709}"
EndProject
Project("{2150E333-8FDC-42A3-9474-1A3956D46DE8}") = "Task2", "Task2", "{77A6539E-96E1-4172-A0CC-32783BBC031F}"
EndProject
Project("{FAE04EC0-301F-11D3-BF4B-00C04F79EFBC}") = "Tyuiu.KorneevaEA.Sprint4.Task2.V22", "Tyuiu.KorneevaEA.Sprint4.Task2.V22\Tyuiu.KorneevaEA.Sprint4.Task2.V22.csproj", "{FEE88444-E428-49A5-89BF-A5E841BF8A58}"
EndProject
Project("{FAE04EC0-301F-11D3-BF4B-00C04F79EFBC}") = "Tyuiu.KorneevaEA.Sprint4.Task2.V22.Lib", "Tyuiu.KorneevaEA.Sprint4.Task2.V22.Lib\Tyuiu.KorneevaEA.Sprint4.Task2.V22.Lib.csproj", "{4A522DDE-4D43-4C77-B94E-4A74574FCD5A}"
EndProject
Project("{FAE04EC0-301F-11D3-BF4B-00C04F79EFBC}") = "Tyuiu.KorneevaEA.Sprint4.Task2.V22.Test", "Tyuiu.KorneevaEA.Sprint4.Task2.V22.Test\Tyuiu.KorneevaEA.Sprint4.Task2.V22.Test.csproj", "{7E77DD62-4A06-4C82-8D23-42AD32278460}"
EndProject
Project("{2150E333-8FDC-42A3-9474-1A3956D46DE8}") = "Task3", "Task3", "{552D9D4A-C29F-4CFB-8AC3-C38E286BC3A3}"
EndProject
Project("{FAE04EC0-301F-11D3-BF4B-00C04F79EFBC}") = "Tyuiu.KorneevaEA.Sprint4.Task3.V20", "Tyuiu.KorneevaEA.Sprint4.Task3.V20\Tyuiu.KorneevaEA.Sprint4.Task3.V20.csproj", "{7EB1D238-A400-453B-979B-3B837F826065}"
EndProject
Project("{FAE04EC0-301F-11D3-BF4B-00C04F79EFBC}") = "Tyuiu.KorneevaEA.Sprint4.Task3.V20.Test", "Tyuiu.KorneevaEA.Sprint4.Task3.V20.Test\Tyuiu.KorneevaEA.Sprint4.Task3.V20.Test.csproj", "{45C5313E-5D84-4B34-9672-536583E2438E}"
EndProject
Project("{FAE04EC0-301F-11D3-BF4B-00C04F79EFBC}") = "Tyuiu.KorneevaEA.Sprint4.Task3.V20.Lib", "Tyuiu.KorneevaEA.Sprint4.Task3.V20.Lib\Tyuiu.KorneevaEA.Sprint4.Task3.V20.Lib.csproj", "{9149F047-FE0D-4228-B460-F54A93D779C1}"
EndProject
Global
	GlobalSection(SolutionConfigurationPlatforms) = preSolution
		Debug|Any CPU = Debug|Any CPU
		Release|Any CPU = Release|Any CPU
	EndGlobalSection
	GlobalSection(ProjectConfigurationPlatforms) = postSolution
		{D5F0CFBC-3FC4-40E3-A879-282D89C9F326}.Debug|Any CPU.ActiveCfg = Debug|Any CPU
		{D5F0CFBC-3FC4-40E3-A879-282D89C9F326}.Debug|Any CPU.Build.0 = Debug|Any CPU
		{D5F0CFBC-3FC4-40E3-A879-282D89C9F326}.Release|Any CPU.ActiveCfg = Release|Any CPU
		{D5F0CFBC-3FC4-40E3-A879-282D89C9F326}.Release|Any CPU.Build.0 = Release|Any CPU
		{4A1D0015-2A60-4B03-B630-9A4BFCE1B7AC}.Debug|Any CPU.ActiveCfg = Debug|Any CPU
		{4A1D0015-2A60-4B03-B630-9A4BFCE1B7AC}.Debug|Any CPU.Build.0 = Debug|Any CPU
		{4A1D0015-2A60-4B03-B630-9A4BFCE1B7AC}.Release|Any CPU.ActiveCfg = Release|Any CPU
		{4A1D0015-2A60-4B03-B630-9A4BFCE1B7AC}.Release|Any CPU.Build.0 = Release|Any CPU
		{AC51571B-CF77-4D9E-B76A-AA5EC44FE3AC}.Debug|Any CPU.ActiveCfg = Debug|Any CPU
		{AC51571B-CF77-4D9E-B76A-AA5EC44FE3AC}.Debug|Any CPU.Build.0 = Debug|Any CPU
		{AC51571B-CF77-4D9E-B76A-AA5EC44FE3AC}.Release|Any CPU.ActiveCfg = Release|Any CPU
		{AC51571B-CF77-4D9E-B76A-AA5EC44FE3AC}.Release|Any CPU.Build.0 = Release|Any CPU
		{3AC37025-09FD-45EE-A5DD-605B5E0D4CE9}.Debug|Any CPU.ActiveCfg = Debug|Any CPU
		{3AC37025-09FD-45EE-A5DD-605B5E0D4CE9}.Debug|Any CPU.Build.0 = Debug|Any CPU
		{3AC37025-09FD-45EE-A5DD-605B5E0D4CE9}.Release|Any CPU.ActiveCfg = Release|Any CPU
		{3AC37025-09FD-45EE-A5DD-605B5E0D4CE9}.Release|Any CPU.Build.0 = Release|Any CPU
		{A9297A94-EE10-4B2D-ACD9-C5B8717B8AB5}.Debug|Any CPU.ActiveCfg = Debug|Any CPU
		{A9297A94-EE10-4B2D-ACD9-C5B8717B8AB5}.Debug|Any CPU.Build.0 = Debug|Any CPU
		{A9297A94-EE10-4B2D-ACD9-C5B8717B8AB5}.Release|Any CPU.ActiveCfg = Release|Any CPU
		{A9297A94-EE10-4B2D-ACD9-C5B8717B8AB5}.Release|Any CPU.Build.0 = Release|Any CPU
		{1AB04DE8-B8AA-4C75-9EEB-0E0B152B8709}.Debug|Any CPU.ActiveCfg = Debug|Any CPU
		{1AB04DE8-B8AA-4C75-9EEB-0E0B152B8709}.Debug|Any CPU.Build.0 = Debug|Any CPU
		{1AB04DE8-B8AA-4C75-9EEB-0E0B152B8709}.Release|Any CPU.ActiveCfg = Release|Any CPU
		{1AB04DE8-B8AA-4C75-9EEB-0E0B152B8709}.Release|Any CPU.Build.0 = Release|Any CPU
		{FEE88444-E428-49A5-89BF-A5E841BF8A58}.Debug|Any CPU.ActiveCfg = Debug|Any CPU
		{FEE88444-E428-49A5-89BF-A5E841BF8A58}.Debug|Any CPU.Build.0 = Debug|Any CPU
		{FEE88444-E428-49A5-89BF-A5E841BF8A58}.Release|Any CPU.ActiveCfg = Release|Any CPU
		{FEE88444-E428-49A5-89BF-A5E841BF8A58}.Release|Any CPU.Build.0 = Release|Any CPU
		{4A522DDE-4D43-4C77-B94E-4A74574FCD5A}.Debug|Any CPU.ActiveCfg = Debug|Any CPU
		{4A522DDE-4D43-4C77-B94E-4A74574FCD5A}.Debug|Any CPU.Build.0 = Debug|Any CPU
		{4A522DDE-4D43-4C77-B94E-4A74574FCD5A}.Release|Any CPU.ActiveCfg = Release|Any CPU
		{4A522DDE-4D43-4C77-B94E-4A74574FCD5A}.Release|Any CPU.Build.0 = Release|Any CPU
		{7E77DD62-4A06-4C82-8D23-42AD32278460}.Debug|Any CPU.ActiveCfg = Debug|Any CPU
		{7E77DD62-4A06-4C82-8D23-42AD32278460}.Debug|Any CPU.Build.0 = Debug|Any CPU
		{7E77DD62-4A06-4C82-8D23-42AD32278460}.Release|Any CPU.ActiveCfg = Release|Any CPU
		{7E77DD62-4A06-4C82-8D23-42AD32278460}.Release|Any CPU.Build.0 = Release|Any CPU
		{7EB1D238-A400-453B-979B-3B837F826065}.Debug|Any CPU.ActiveCfg = Debug|Any CPU
		{7EB1D238-A400-453B-979B-3B837F826065}.Debug|Any CPU.Build.0 = Debug|Any CPU
		{7EB1D238-A400-453B-979B-3B837F826065}.Release|Any CPU.ActiveCfg = Release|Any CPU
		{7EB1D238-A400-453B-979B-3B837F826065}.Release|Any CPU.Build.0 = Release|Any CPU
		{45C5313E-5D84-4B34-9672-536583E2438E}.Debug|Any CPU.ActiveCfg = Debug|Any CPU
		{45C5313E-5D84-4B34-9672-536583E2438E}.Debug|Any CPU.Build.0 = Debug|Any CPU
		{45C5313E-5D84-4B34-9672-536583E2438E}.Release|Any CPU.ActiveCfg = Release|Any CPU
		{45C5313E-5D84-4B34-9672-536583E2438E}.Release|Any CPU.Build.0 = Release|Any CPU
		{9149F047-FE0D-4228-B460-F54A93D779C1}.Debug|Any CPU.ActiveCfg = Debug|Any CPU
		{9149F047-FE0D-4228-B460-F54A93D779C1}.Debug|Any CPU.Build.0 = Debug|Any CPU
		{9149F047-FE0D-4228-B460-F54A93D779C1}.Release|Any CPU.ActiveCfg = Release|Any CPU
		{9149F047-FE0D-4228-B460-F54A93D779C1}.Release|Any CPU.Build.0 = Release|Any CPU
	EndGlobalSection
	GlobalSection(SolutionProperties) = preSolution
		HideSolutionNode = FALSE
	EndGlobalSection
	GlobalSection(NestedProjects) = preSolution
		{D5F0CFBC-3FC4-40E3-A879-282D89C9F326} = {9B4DB2C7-4AD6-4506-A618-BB2A8565C463}
		{4A1D0015-2A60-4B03-B630-9A4BFCE1B7AC} = {9B4DB2C7-4AD6-4506-A618-BB2A8565C463}
		{AC51571B-CF77-4D9E-B76A-AA5EC44FE3AC} = {9B4DB2C7-4AD6-4506-A618-BB2A8565C463}
		{3AC37025-09FD-45EE-A5DD-605B5E0D4CE9} = {81FAAB68-8A84-4CEA-A50B-2EC3F2D80423}
		{A9297A94-EE10-4B2D-ACD9-C5B8717B8AB5} = {81FAAB68-8A84-4CEA-A50B-2EC3F2D80423}
		{1AB04DE8-B8AA-4C75-9EEB-0E0B152B8709} = {81FAAB68-8A84-4CEA-A50B-2EC3F2D80423}
		{FEE88444-E428-49A5-89BF-A5E841BF8A58} = {77A6539E-96E1-4172-A0CC-32783BBC031F}
		{4A522DDE-4D43-4C77-B94E-4A74574FCD5A} = {77A6539E-96E1-4172-A0CC-32783BBC031F}
		{7E77DD62-4A06-4C82-8D23-42AD32278460} = {77A6539E-96E1-4172-A0CC-32783BBC031F}
		{7EB1D238-A400-453B-979B-3B837F826065} = {552D9D4A-C29F-4CFB-8AC3-C38E286BC3A3}
		{45C5313E-5D84-4B34-9672-536583E2438E} = {552D9D4A-C29F-4CFB-8AC3-C38E286BC3A3}
		{9149F047-FE0D-4228-B460-F54A93D779C1} = {552D9D4A-C29F-4CFB-8AC3-C38E286BC3A3}
	EndGlobalSection
	GlobalSection(ExtensibilityGlobals) = postSolution
		SolutionGuid = {F21C2102-4B00-4382-BC51-1248090C8735}
	EndGlobalSection
EndGlobal
